
Microsoft Visual Studio Solution File, Format Version 12.00
# Visual Studio Version 17
VisualStudioVersion = 17.9.34728.123
MinimumVisualStudioVersion = 10.0.40219.1
Project("{9A19103F-16F7-4668-BE54-9A1E7A4F7556}") = "EasyUploader", "EasyUploader\EasyUploader.csproj", "{D96EEA46-FB1A-463F-BD21-30BA9EB0F8FD}"
EndProject
Project("{9A19103F-16F7-4668-BE54-9A1E7A4F7556}") = "EasyUploader.Contracts", "EasyUploader.Contracts\EasyUploader.Contracts.csproj", "{020D39E6-3BA1-427B-B99A-0AA19FCAE186}"
EndProject
Project("{9A19103F-16F7-4668-BE54-9A1E7A4F7556}") = "EasyUploaderClient", "EasyUploaderClient\EasyUploaderClient.csproj", "{DD8B022A-77AC-4166-8A9D-C48DE10B227C}"
EndProject
Global
	GlobalSection(SolutionConfigurationPlatforms) = preSolution
		Debug|Any CPU = Debug|Any CPU
		Release|Any CPU = Release|Any CPU
	EndGlobalSection
	GlobalSection(ProjectConfigurationPlatforms) = postSolution
		{D96EEA46-FB1A-463F-BD21-30BA9EB0F8FD}.Debug|Any CPU.ActiveCfg = Debug|Any CPU
		{D96EEA46-FB1A-463F-BD21-30BA9EB0F8FD}.Debug|Any CPU.Build.0 = Debug|Any CPU
		{D96EEA46-FB1A-463F-BD21-30BA9EB0F8FD}.Release|Any CPU.ActiveCfg = Release|Any CPU
		{D96EEA46-FB1A-463F-BD21-30BA9EB0F8FD}.Release|Any CPU.Build.0 = Release|Any CPU
		{020D39E6-3BA1-427B-B99A-0AA19FCAE186}.Debug|Any CPU.ActiveCfg = Debug|Any CPU
		{020D39E6-3BA1-427B-B99A-0AA19FCAE186}.Debug|Any CPU.Build.0 = Debug|Any CPU
		{020D39E6-3BA1-427B-B99A-0AA19FCAE186}.Release|Any CPU.ActiveCfg = Release|Any CPU
		{020D39E6-3BA1-427B-B99A-0AA19FCAE186}.Release|Any CPU.Build.0 = Release|Any CPU
		{DD8B022A-77AC-4166-8A9D-C48DE10B227C}.Debug|Any CPU.ActiveCfg = Debug|Any CPU
		{DD8B022A-77AC-4166-8A9D-C48DE10B227C}.Debug|Any CPU.Build.0 = Debug|Any CPU
		{DD8B022A-77AC-4166-8A9D-C48DE10B227C}.Release|Any CPU.ActiveCfg = Release|Any CPU
		{DD8B022A-77AC-4166-8A9D-C48DE10B227C}.Release|Any CPU.Build.0 = Release|Any CPU
	EndGlobalSection
	GlobalSection(SolutionProperties) = preSolution
		HideSolutionNode = FALSE
	EndGlobalSection
	GlobalSection(ExtensibilityGlobals) = postSolution
		SolutionGuid = {8A96DF90-CABB-4406-99CD-2A63323BEC11}
	EndGlobalSection
EndGlobal
